
Microsoft Visual Studio Solution File, Format Version 12.00
# Visual Studio Version 17
VisualStudioVersion = 17.8.34330.188
MinimumVisualStudioVersion = 10.0.40219.1
Project("{FAE04EC0-301F-11D3-BF4B-00C04F79EFBC}") = "Task04", "Task04\Task04.csproj", "{053B8FB0-9698-4ECD-B229-C582BEDB7E4E}"
EndProject
Global
	GlobalSection(SolutionConfigurationPlatforms) = preSolution
		Debug|Any CPU = Debug|Any CPU
		Release|Any CPU = Release|Any CPU
	EndGlobalSection
	GlobalSection(ProjectConfigurationPlatforms) = postSolution
		{053B8FB0-9698-4ECD-B229-C582BEDB7E4E}.Debug|Any CPU.ActiveCfg = Debug|Any CPU
		{053B8FB0-9698-4ECD-B229-C582BEDB7E4E}.Debug|Any CPU.Build.0 = Debug|Any CPU
		{053B8FB0-9698-4ECD-B229-C582BEDB7E4E}.Release|Any CPU.ActiveCfg = Release|Any CPU
		{053B8FB0-9698-4ECD-B229-C582BEDB7E4E}.Release|Any CPU.Build.0 = Release|Any CPU
	EndGlobalSection
	GlobalSection(SolutionProperties) = preSolution
		HideSolutionNode = FALSE
	EndGlobalSection
	GlobalSection(ExtensibilityGlobals) = postSolution
		SolutionGuid = {C9953E5E-6652-49D4-85CF-EBDF52DE491B}
	EndGlobalSection
EndGlobal
